
Microsoft Visual Studio Solution File, Format Version 12.00
Project("{FAE04EC0-301F-11D3-BF4B-00C04F79EFBC}") = "ConsoleApp", "ConsoleApp\ConsoleApp.csproj", "{BA696D1B-7F9C-4596-8CE7-15E275BBBF1E}"
EndProject
Project("{FAE04EC0-301F-11D3-BF4B-00C04F79EFBC}") = "ConsoleApp2", "ConsoleApp2\ConsoleApp2.csproj", "{A58336A4-A280-4AC4-9513-EBF877630CEC}"
EndProject
Project("{FAE04EC0-301F-11D3-BF4B-00C04F79EFBC}") = "ConsoleApp3", "ConsoleApp3\ConsoleApp3.csproj", "{D4879C00-A2F3-4617-820F-175AE8CDC5E6}"
EndProject
Global
	GlobalSection(SolutionConfigurationPlatforms) = preSolution
		Debug|Any CPU = Debug|Any CPU
		Release|Any CPU = Release|Any CPU
	EndGlobalSection
	GlobalSection(ProjectConfigurationPlatforms) = postSolution
		{BA696D1B-7F9C-4596-8CE7-15E275BBBF1E}.Debug|Any CPU.ActiveCfg = Debug|Any CPU
		{BA696D1B-7F9C-4596-8CE7-15E275BBBF1E}.Debug|Any CPU.Build.0 = Debug|Any CPU
		{BA696D1B-7F9C-4596-8CE7-15E275BBBF1E}.Release|Any CPU.ActiveCfg = Release|Any CPU
		{BA696D1B-7F9C-4596-8CE7-15E275BBBF1E}.Release|Any CPU.Build.0 = Release|Any CPU
		{A58336A4-A280-4AC4-9513-EBF877630CEC}.Debug|Any CPU.ActiveCfg = Debug|Any CPU
		{A58336A4-A280-4AC4-9513-EBF877630CEC}.Debug|Any CPU.Build.0 = Debug|Any CPU
		{A58336A4-A280-4AC4-9513-EBF877630CEC}.Release|Any CPU.ActiveCfg = Release|Any CPU
		{A58336A4-A280-4AC4-9513-EBF877630CEC}.Release|Any CPU.Build.0 = Release|Any CPU
		{D4879C00-A2F3-4617-820F-175AE8CDC5E6}.Debug|Any CPU.ActiveCfg = Debug|Any CPU
		{D4879C00-A2F3-4617-820F-175AE8CDC5E6}.Debug|Any CPU.Build.0 = Debug|Any CPU
		{D4879C00-A2F3-4617-820F-175AE8CDC5E6}.Release|Any CPU.ActiveCfg = Release|Any CPU
		{D4879C00-A2F3-4617-820F-175AE8CDC5E6}.Release|Any CPU.Build.0 = Release|Any CPU
	EndGlobalSection
EndGlobal
